
Microsoft Visual Studio Solution File, Format Version 12.00
# Visual Studio 14
VisualStudioVersion = 14.0.23107.0
MinimumVisualStudioVersion = 10.0.40219.1
Project("{FAE04EC0-301F-11D3-BF4B-00C04F79EFBC}") = "asp.net.digilevich.kontrolnaya", "asp.net.digilevich.kontrolnaya\asp.net.digilevich.kontrolnaya.csproj", "{EFAE12C3-C371-4F26-A272-6E08F6BB461C}"
EndProject
Project("{FAE04EC0-301F-11D3-BF4B-00C04F79EFBC}") = "UnitTestTwoDerectionList", "UnitTestProject1\UnitTestTwoDerectionList.csproj", "{021A5794-1F5A-40B7-B98A-BAE0356980CB}"
EndProject
Project("{FAE04EC0-301F-11D3-BF4B-00C04F79EFBC}") = "asp.net.digilevich.kontrolnaya.binarnoe_derevo_poiska", "asp.net.digilevich.kontrolnaya.binarnoe_derevo_poiska\asp.net.digilevich.kontrolnaya.binarnoe_derevo_poiska.csproj", "{2B25503A-5E60-4EAA-954D-BB68D1A0BB36}"
EndProject
Project("{FAE04EC0-301F-11D3-BF4B-00C04F79EFBC}") = "UnitTestForBinaryTree", "UnitTestForBinaryTree\UnitTestForBinaryTree.csproj", "{E4DA221D-B93F-4CBE-B15D-7544113D849C}"
EndProject
Project("{FAE04EC0-301F-11D3-BF4B-00C04F79EFBC}") = "HeshTable", "HeshTable\HeshTable.csproj", "{91EEAECC-39B0-4363-9C3C-C8490BEBF911}"
EndProject
Project("{FAE04EC0-301F-11D3-BF4B-00C04F79EFBC}") = "UnitTestHashTable", "UnitTestHashTable\UnitTestHashTable.csproj", "{8ABD6792-D903-42D7-BC04-6033EBEFC69C}"
EndProject
Global
	GlobalSection(SolutionConfigurationPlatforms) = preSolution
		Debug|Any CPU = Debug|Any CPU
		Release|Any CPU = Release|Any CPU
	EndGlobalSection
	GlobalSection(ProjectConfigurationPlatforms) = postSolution
		{EFAE12C3-C371-4F26-A272-6E08F6BB461C}.Debug|Any CPU.ActiveCfg = Debug|Any CPU
		{EFAE12C3-C371-4F26-A272-6E08F6BB461C}.Debug|Any CPU.Build.0 = Debug|Any CPU
		{EFAE12C3-C371-4F26-A272-6E08F6BB461C}.Release|Any CPU.ActiveCfg = Release|Any CPU
		{EFAE12C3-C371-4F26-A272-6E08F6BB461C}.Release|Any CPU.Build.0 = Release|Any CPU
		{021A5794-1F5A-40B7-B98A-BAE0356980CB}.Debug|Any CPU.ActiveCfg = Debug|Any CPU
		{021A5794-1F5A-40B7-B98A-BAE0356980CB}.Debug|Any CPU.Build.0 = Debug|Any CPU
		{021A5794-1F5A-40B7-B98A-BAE0356980CB}.Release|Any CPU.ActiveCfg = Release|Any CPU
		{021A5794-1F5A-40B7-B98A-BAE0356980CB}.Release|Any CPU.Build.0 = Release|Any CPU
		{2B25503A-5E60-4EAA-954D-BB68D1A0BB36}.Debug|Any CPU.ActiveCfg = Debug|Any CPU
		{2B25503A-5E60-4EAA-954D-BB68D1A0BB36}.Debug|Any CPU.Build.0 = Debug|Any CPU
		{2B25503A-5E60-4EAA-954D-BB68D1A0BB36}.Release|Any CPU.ActiveCfg = Release|Any CPU
		{2B25503A-5E60-4EAA-954D-BB68D1A0BB36}.Release|Any CPU.Build.0 = Release|Any CPU
		{E4DA221D-B93F-4CBE-B15D-7544113D849C}.Debug|Any CPU.ActiveCfg = Debug|Any CPU
		{E4DA221D-B93F-4CBE-B15D-7544113D849C}.Debug|Any CPU.Build.0 = Debug|Any CPU
		{E4DA221D-B93F-4CBE-B15D-7544113D849C}.Release|Any CPU.ActiveCfg = Release|Any CPU
		{E4DA221D-B93F-4CBE-B15D-7544113D849C}.Release|Any CPU.Build.0 = Release|Any CPU
		{91EEAECC-39B0-4363-9C3C-C8490BEBF911}.Debug|Any CPU.ActiveCfg = Debug|Any CPU
		{91EEAECC-39B0-4363-9C3C-C8490BEBF911}.Debug|Any CPU.Build.0 = Debug|Any CPU
		{91EEAECC-39B0-4363-9C3C-C8490BEBF911}.Release|Any CPU.ActiveCfg = Release|Any CPU
		{91EEAECC-39B0-4363-9C3C-C8490BEBF911}.Release|Any CPU.Build.0 = Release|Any CPU
		{8ABD6792-D903-42D7-BC04-6033EBEFC69C}.Debug|Any CPU.ActiveCfg = Debug|Any CPU
		{8ABD6792-D903-42D7-BC04-6033EBEFC69C}.Debug|Any CPU.Build.0 = Debug|Any CPU
		{8ABD6792-D903-42D7-BC04-6033EBEFC69C}.Release|Any CPU.ActiveCfg = Release|Any CPU
		{8ABD6792-D903-42D7-BC04-6033EBEFC69C}.Release|Any CPU.Build.0 = Release|Any CPU
	EndGlobalSection
	GlobalSection(SolutionProperties) = preSolution
		HideSolutionNode = FALSE
	EndGlobalSection
EndGlobal
